<?xml version="1.0" encoding="utf-8"?>
<Project ToolsVersion="4.0" xmlns="http://schemas.microsoft.com/developer/msbuild/2003">
  <ItemGroup>
    <Filter Include="Source Files">
      <UniqueIdentifier>{4FC737F1-C7A5-4376-A066-2A32D752A2FF}</UniqueIdentifier>
      <Extensions>cpp;c;cc;cxx;def;odl;idl;hpj;bat;asm;asmx</Extensions>
    </Filter>
    <Filter Include="Header Files">
      <UniqueIdentifier>{93995380-89BD-4b04-88EB-625FBE52EBFB}</UniqueIdentifier>
      <Extensions>h;hh;hpp;hxx;hm;inl;inc;xsd</Extensions>
    </Filter>
    <Filter Include="Resource Files">
      <UniqueIdentifier>{67DA6AB6-F800-4c08-8B7A-83BB121AAD01}</UniqueIdentifier>
      <Extensions>rc;ico;cur;bmp;dlg;rc2;rct;bin;rgs;gif;jpg;jpeg;jpe;resx;tiff;tif;png;wav</Extensions>
    </Filter>
  </ItemGroup>
  <ItemGroup>
    <ClCompile Include="BluRayDrive.cpp">
      <Filter>Source Files</Filter>
    </ClCompile>
    <ClCompile Include="Case.cpp">
      <Filter>Source Files</Filter>
    </ClCompile>
    <ClCompile Include="Computer.cpp">
      <Filter>Source Files</Filter>
    </ClCompile>
    <ClCompile Include="ComputerBuilder.cpp">
      <Filter>Source Files</Filter>
    </ClCompile>
    <ClCompile Include="CoolingFan.cpp">
      <Filter>Source Files</Filter>
    </ClCompile>
    <ClCompile Include="CountingVisitor.cpp">
      <Filter>Source Files</Filter>
    </ClCompile>
    <ClCompile Include="CPU.cpp">
      <Filter>Source Files</Filter>
    </ClCompile>
    <ClCompile Include="CPUSet.cpp">
      <Filter>Source Files</Filter>
    </ClCompile>
    <ClCompile Include="DiscDrive.cpp">
      <Filter>Source Files</Filter>
    </ClCompile>
    <ClCompile Include="DVDDrive.cpp">
      <Filter>Source Files</Filter>
    </ClCompile>
    <ClCompile Include="GamingComputerBuilder.cpp">
      <Filter>Source Files</Filter>
    </ClCompile>
    <ClCompile Include="GraphicsCard.cpp">
      <Filter>Source Files</Filter>
    </ClCompile>
    <ClCompile Include="GraphicsCardSet.cpp">
      <Filter>Source Files</Filter>
    </ClCompile>
    <ClCompile Include="HardDiscDrive.cpp">
      <Filter>Source Files</Filter>
    </ClCompile>
    <ClCompile Include="HardDrive.cpp">
      <Filter>Source Files</Filter>
    </ClCompile>
    <ClCompile Include="HardDriveSet.cpp">
      <Filter>Source Files</Filter>
    </ClCompile>
    <ClCompile Include="main.cpp">
      <Filter>Source Files</Filter>
    </ClCompile>
    <ClCompile Include="Motherboard.cpp">
      <Filter>Source Files</Filter>
    </ClCompile>
    <ClCompile Include="OfficeComputerBuilder.cpp">
      <Filter>Source Files</Filter>
    </ClCompile>
    <ClCompile Include="OptionalPart.cpp">
      <Filter>Source Files</Filter>
    </ClCompile>
    <ClCompile Include="Part.cpp">
      <Filter>Source Files</Filter>
    </ClCompile>
    <ClCompile Include="PartAllocator.cpp">
      <Filter>Source Files</Filter>
    </ClCompile>
    <ClCompile Include="PowerSupply.cpp">
      <Filter>Source Files</Filter>
    </ClCompile>
    <ClCompile Include="Ram.cpp">
      <Filter>Source Files</Filter>
    </ClCompile>
    <ClCompile Include="RamSet.cpp">
      <Filter>Source Files</Filter>
    </ClCompile>
    <ClCompile Include="RequiredPart.cpp">
      <Filter>Source Files</Filter>
    </ClCompile>
    <ClCompile Include="ServerBuilder.cpp">
      <Filter>Source Files</Filter>
    </ClCompile>
    <ClCompile Include="SolidStateDrive.cpp">
      <Filter>Source Files</Filter>
    </ClCompile>
    <ClCompile Include="VisitablePart.cpp">
      <Filter>Source Files</Filter>
    </ClCompile>
    <ClCompile Include="Visitor.cpp">
      <Filter>Source Files</Filter>
    </ClCompile>
    <ClCompile Include="WaterCooling.cpp">
      <Filter>Source Files</Filter>
    </ClCompile>
  </ItemGroup>
  <ItemGroup>
    <ClInclude Include="BluRayDrive.h">
      <Filter>Header Files</Filter>
    </ClInclude>
    <ClInclude Include="Case.h">
      <Filter>Header Files</Filter>
    </ClInclude>
    <ClInclude Include="Computer.h">
      <Filter>Header Files</Filter>
    </ClInclude>
    <ClInclude Include="ComputerBuilder.h">
      <Filter>Header Files</Filter>
    </ClInclude>
    <ClInclude Include="ComputerParts.h">
      <Filter>Header Files</Filter>
    </ClInclude>
    <ClInclude Include="ComputerPlan.h">
      <Filter>Header Files</Filter>
    </ClInclude>
    <ClInclude Include="CoolingFan.h">
      <Filter>Header Files</Filter>
    </ClInclude>
    <ClInclude Include="CountingVisitor.h">
      <Filter>Header Files</Filter>
    </ClInclude>
    <ClInclude Include="CPU.h">
      <Filter>Header Files</Filter>
    </ClInclude>
    <ClInclude Include="CPUSet.h">
      <Filter>Header Files</Filter>
    </ClInclude>
    <ClInclude Include="DiscDrive.h">
      <Filter>Header Files</Filter>
    </ClInclude>
    <ClInclude Include="DVDDrive.h">
      <Filter>Header Files</Filter>
    </ClInclude>
    <ClInclude Include="GamingComputerBuilder.h">
      <Filter>Header Files</Filter>
    </ClInclude>
    <ClInclude Include="GraphicsCard.h">
      <Filter>Header Files</Filter>
    </ClInclude>
    <ClInclude Include="GraphicsCardSet.h">
      <Filter>Header Files</Filter>
    </ClInclude>
    <ClInclude Include="HardDiscDrive.h">
      <Filter>Header Files</Filter>
    </ClInclude>
    <ClInclude Include="HardDrive.h">
      <Filter>Header Files</Filter>
    </ClInclude>
    <ClInclude Include="HardDriveSet.h">
      <Filter>Header Files</Filter>
    </ClInclude>
    <ClInclude Include="Motherboard.h">
      <Filter>Header Files</Filter>
    </ClInclude>
    <ClInclude Include="OfficeComputerBuilder.h">
      <Filter>Header Files</Filter>
    </ClInclude>
    <ClInclude Include="OptionalPart.h">
      <Filter>Header Files</Filter>
    </ClInclude>
    <ClInclude Include="Part.h">
      <Filter>Header Files</Filter>
    </ClInclude>
    <ClInclude Include="PartAllocator.h">
      <Filter>Header Files</Filter>
    </ClInclude>
    <ClInclude Include="PowerSupply.h">
      <Filter>Header Files</Filter>
    </ClInclude>
    <ClInclude Include="Ram.h">
      <Filter>Header Files</Filter>
    </ClInclude>
    <ClInclude Include="RamSet.h">
      <Filter>Header Files</Filter>
    </ClInclude>
    <ClInclude Include="RequiredPart.h">
      <Filter>Header Files</Filter>
    </ClInclude>
    <ClInclude Include="ServerBuilder.h">
      <Filter>Header Files</Filter>
    </ClInclude>
    <ClInclude Include="SolidStateDrive.h">
      <Filter>Header Files</Filter>
    </ClInclude>
    <ClInclude Include="VisitablePart.h">
      <Filter>Header Files</Filter>
    </ClInclude>
    <ClInclude Include="Visitor.h">
      <Filter>Header Files</Filter>
    </ClInclude>
    <ClInclude Include="WaterCooling.h">
      <Filter>Header Files</Filter>
    </ClInclude>
  </ItemGroup>
</Project>