
Microsoft Visual Studio Solution File, Format Version 12.00
# Visual Studio 15
VisualStudioVersion = 15.0.27428.2015
MinimumVisualStudioVersion = 10.0.40219.1
Project("{8BC9CEB8-8B4A-11D0-8D11-00A0C91BC942}") = "StringStackQueue", "StringStackQueue\StringStackQueue.vcxproj", "{696244DB-81B1-4617-A02F-5DB751EF3B74}"
EndProject
Global
	GlobalSection(SolutionConfigurationPlatforms) = preSolution
		Debug|x64 = Debug|x64
		Debug|x86 = Debug|x86
		Release|x64 = Release|x64
		Release|x86 = Release|x86
	EndGlobalSection
	GlobalSection(ProjectConfigurationPlatforms) = postSolution
		{696244DB-81B1-4617-A02F-5DB751EF3B74}.Debug|x64.ActiveCfg = Debug|x64
		{696244DB-81B1-4617-A02F-5DB751EF3B74}.Debug|x64.Build.0 = Debug|x64
		{696244DB-81B1-4617-A02F-5DB751EF3B74}.Debug|x86.ActiveCfg = Debug|Win32
		{696244DB-81B1-4617-A02F-5DB751EF3B74}.Debug|x86.Build.0 = Debug|Win32
		{696244DB-81B1-4617-A02F-5DB751EF3B74}.Release|x64.ActiveCfg = Release|x64
		{696244DB-81B1-4617-A02F-5DB751EF3B74}.Release|x64.Build.0 = Release|x64
		{696244DB-81B1-4617-A02F-5DB751EF3B74}.Release|x86.ActiveCfg = Release|Win32
		{696244DB-81B1-4617-A02F-5DB751EF3B74}.Release|x86.Build.0 = Release|Win32
	EndGlobalSection
	GlobalSection(SolutionProperties) = preSolution
		HideSolutionNode = FALSE
	EndGlobalSection
	GlobalSection(ExtensibilityGlobals) = postSolution
		SolutionGuid = {DE21B640-7D71-4B90-8CC8-B54A8AF6B99A}
	EndGlobalSection
EndGlobal
